
Microsoft Visual Studio Solution File, Format Version 12.00
# Visual Studio 15
VisualStudioVersion = 15.0.27428.2015
MinimumVisualStudioVersion = 10.0.40219.1
Project("{FAE04EC0-301F-11D3-BF4B-00C04F79EFBC}") = "Game15", "WindowsFormsApp1\Game15.csproj", "{579CC3B8-9820-4B17-99D0-77C5F7C47B10}"
EndProject
Project("{FAE04EC0-301F-11D3-BF4B-00C04F79EFBC}") = "Game15.Tests", "Game15.Tests\Game15.Tests.csproj", "{DF378410-4A13-4423-BDB5-A5AF64FF55E8}"
EndProject
Project("{FAE04EC0-301F-11D3-BF4B-00C04F79EFBC}") = "Game15Test", "Game15Test\Game15Test.csproj", "{35097201-1F4F-4E1C-B6AA-D9F4EFCCCE3F}"
EndProject
Global
	GlobalSection(SolutionConfigurationPlatforms) = preSolution
		Debug|Any CPU = Debug|Any CPU
		Release|Any CPU = Release|Any CPU
	EndGlobalSection
	GlobalSection(ProjectConfigurationPlatforms) = postSolution
		{579CC3B8-9820-4B17-99D0-77C5F7C47B10}.Debug|Any CPU.ActiveCfg = Debug|Any CPU
		{579CC3B8-9820-4B17-99D0-77C5F7C47B10}.Debug|Any CPU.Build.0 = Debug|Any CPU
		{579CC3B8-9820-4B17-99D0-77C5F7C47B10}.Release|Any CPU.ActiveCfg = Release|Any CPU
		{579CC3B8-9820-4B17-99D0-77C5F7C47B10}.Release|Any CPU.Build.0 = Release|Any CPU
		{DF378410-4A13-4423-BDB5-A5AF64FF55E8}.Debug|Any CPU.ActiveCfg = Debug|Any CPU
		{DF378410-4A13-4423-BDB5-A5AF64FF55E8}.Debug|Any CPU.Build.0 = Debug|Any CPU
		{DF378410-4A13-4423-BDB5-A5AF64FF55E8}.Release|Any CPU.ActiveCfg = Release|Any CPU
		{DF378410-4A13-4423-BDB5-A5AF64FF55E8}.Release|Any CPU.Build.0 = Release|Any CPU
		{35097201-1F4F-4E1C-B6AA-D9F4EFCCCE3F}.Debug|Any CPU.ActiveCfg = Debug|Any CPU
		{35097201-1F4F-4E1C-B6AA-D9F4EFCCCE3F}.Debug|Any CPU.Build.0 = Debug|Any CPU
		{35097201-1F4F-4E1C-B6AA-D9F4EFCCCE3F}.Release|Any CPU.ActiveCfg = Release|Any CPU
		{35097201-1F4F-4E1C-B6AA-D9F4EFCCCE3F}.Release|Any CPU.Build.0 = Release|Any CPU
	EndGlobalSection
	GlobalSection(SolutionProperties) = preSolution
		HideSolutionNode = FALSE
	EndGlobalSection
	GlobalSection(ExtensibilityGlobals) = postSolution
		SolutionGuid = {453A39C8-9494-44B8-A36B-71EADBE2414E}
	EndGlobalSection
EndGlobal
